
Microsoft Visual Studio Solution File, Format Version 12.00
# Visual Studio Version 17
VisualStudioVersion = 17.8.34330.188
MinimumVisualStudioVersion = 10.0.40219.1
Project("{FAE04EC0-301F-11D3-BF4B-00C04F79EFBC}") = "RumProject.API", "RumProject.API\RumProject.API.csproj", "{0F619727-F5DD-48AD-BA5C-78064B5D01FF}"
EndProject
Global
	GlobalSection(SolutionConfigurationPlatforms) = preSolution
		Debug|Any CPU = Debug|Any CPU
		Release|Any CPU = Release|Any CPU
	EndGlobalSection
	GlobalSection(ProjectConfigurationPlatforms) = postSolution
		{0F619727-F5DD-48AD-BA5C-78064B5D01FF}.Debug|Any CPU.ActiveCfg = Debug|Any CPU
		{0F619727-F5DD-48AD-BA5C-78064B5D01FF}.Debug|Any CPU.Build.0 = Debug|Any CPU
		{0F619727-F5DD-48AD-BA5C-78064B5D01FF}.Release|Any CPU.ActiveCfg = Release|Any CPU
		{0F619727-F5DD-48AD-BA5C-78064B5D01FF}.Release|Any CPU.Build.0 = Release|Any CPU
	EndGlobalSection
	GlobalSection(SolutionProperties) = preSolution
		HideSolutionNode = FALSE
	EndGlobalSection
	GlobalSection(ExtensibilityGlobals) = postSolution
		SolutionGuid = {838CFABD-F234-4DBB-8FA1-898A8148B0D2}
	EndGlobalSection
EndGlobal
